
Microsoft Visual Studio Solution File, Format Version 12.00
# Visual Studio 15
VisualStudioVersion = 15.0.27428.2015
MinimumVisualStudioVersion = 10.0.40219.1
Project("{8BC9CEB8-8B4A-11D0-8D11-00A0C91BC942}") = "DesktopSharing", "DesktopSharing\DesktopSharing.vcxproj", "{77F4AAA4-0051-480A-9168-A6CB8927FB6E}"
EndProject
Global
	GlobalSection(SolutionConfigurationPlatforms) = preSolution
		Debug|x86 = Debug|x86
		Release|x86 = Release|x86
	EndGlobalSection
	GlobalSection(ProjectConfigurationPlatforms) = postSolution
		{77F4AAA4-0051-480A-9168-A6CB8927FB6E}.Debug|x86.ActiveCfg = Debug|Win32
		{77F4AAA4-0051-480A-9168-A6CB8927FB6E}.Debug|x86.Build.0 = Debug|Win32
		{77F4AAA4-0051-480A-9168-A6CB8927FB6E}.Release|x86.ActiveCfg = Release|Win32
		{77F4AAA4-0051-480A-9168-A6CB8927FB6E}.Release|x86.Build.0 = Release|Win32
	EndGlobalSection
	GlobalSection(SolutionProperties) = preSolution
		HideSolutionNode = FALSE
	EndGlobalSection
	GlobalSection(ExtensibilityGlobals) = postSolution
		SolutionGuid = {FE7BE4F7-82A7-4681-BF7C-A11CE442122E}
	EndGlobalSection
EndGlobal
